
Microsoft Visual Studio Solution File, Format Version 12.00
# Visual Studio Version 16
VisualStudioVersion = 16.0.30225.117
MinimumVisualStudioVersion = 10.0.40219.1
Project("{FAE04EC0-301F-11D3-BF4B-00C04F79EFBC}") = "Bonsai.Ephys", "src\Bonsai.Ephys\Bonsai.Ephys.csproj", "{82923AED-354B-4CCE-8688-EEB35109BE9E}"
EndProject
Project("{FAE04EC0-301F-11D3-BF4B-00C04F79EFBC}") = "Bonsai.Ephys.Design", "src\Bonsai.Ephys.Design\Bonsai.Ephys.Design.csproj", "{CDBD8512-6876-4F46-941A-F04196F3CFDC}"
EndProject
Project("{2150E333-8FDC-42A3-9474-1A3956D46DE8}") = "build", "build", "{DEE5DD87-39C1-BF34-B639-A387DCCF972B}"
	ProjectSection(SolutionItems) = preProject
		build\Common.csproj.props = build\Common.csproj.props
		build\Common.csproj.targets = build\Common.csproj.targets
		build\Common.Tests.csproj.props = build\Common.Tests.csproj.props
		build\icon.png = build\icon.png
		build\Package.props = build\Package.props
		build\Project.csproj.props = build\Project.csproj.props
	EndProjectSection
EndProject
Global
	GlobalSection(SolutionConfigurationPlatforms) = preSolution
		Debug|Any CPU = Debug|Any CPU
		Release|Any CPU = Release|Any CPU
	EndGlobalSection
	GlobalSection(ProjectConfigurationPlatforms) = postSolution
		{82923AED-354B-4CCE-8688-EEB35109BE9E}.Debug|Any CPU.ActiveCfg = Debug|Any CPU
		{82923AED-354B-4CCE-8688-EEB35109BE9E}.Debug|Any CPU.Build.0 = Debug|Any CPU
		{82923AED-354B-4CCE-8688-EEB35109BE9E}.Release|Any CPU.ActiveCfg = Release|Any CPU
		{82923AED-354B-4CCE-8688-EEB35109BE9E}.Release|Any CPU.Build.0 = Release|Any CPU
		{CDBD8512-6876-4F46-941A-F04196F3CFDC}.Debug|Any CPU.ActiveCfg = Debug|Any CPU
		{CDBD8512-6876-4F46-941A-F04196F3CFDC}.Debug|Any CPU.Build.0 = Debug|Any CPU
		{CDBD8512-6876-4F46-941A-F04196F3CFDC}.Release|Any CPU.ActiveCfg = Release|Any CPU
		{CDBD8512-6876-4F46-941A-F04196F3CFDC}.Release|Any CPU.Build.0 = Release|Any CPU
	EndGlobalSection
	GlobalSection(SolutionProperties) = preSolution
		HideSolutionNode = FALSE
	EndGlobalSection
	GlobalSection(ExtensibilityGlobals) = postSolution
		SolutionGuid = {FD4427C3-A456-4243-9C2C-426916449D3D}
	EndGlobalSection
EndGlobal
